// !$*UTF8*$!
{
	archiveVersion = 1;
	classes = {
	};
	objectVersion = 50;
	objects = {

/* Begin PBXBuildFile section */
		1D6D643424D1E2B70080B9D5 /* AppDelegate.swift in Sources */ = {isa = PBXBuildFile; fileRef = 1D6D643324D1E2B70080B9D5 /* AppDelegate.swift */; };
		1D6D643D24D1E2BC0080B9D5 /* Assets.xcassets in Resources */ = {isa = PBXBuildFile; fileRef = 1D6D643C24D1E2BC0080B9D5 /* Assets.xcassets */; };
		1D6D644024D1E2BC0080B9D5 /* LaunchScreen.storyboard in Resources */ = {isa = PBXBuildFile; fileRef = 1D6D643E24D1E2BC0080B9D5 /* LaunchScreen.storyboard */; };
		1D6D644B24D1E2BC0080B9D5 /* ProjectTests.swift in Sources */ = {isa = PBXBuildFile; fileRef = 1D6D644A24D1E2BC0080B9D5 /* ProjectTests.swift */; };
		1D6D646224D1E3490080B9D5 /* NetworkSession.swift in Sources */ = {isa = PBXBuildFile; fileRef = 1D6D645724D1E3490080B9D5 /* NetworkSession.swift */; };
		1D6D646324D1E3490080B9D5 /* WebService.swift in Sources */ = {isa = PBXBuildFile; fileRef = 1D6D645824D1E3490080B9D5 /* WebService.swift */; };
		1D6D646424D1E3490080B9D5 /* ApiRequest.swift in Sources */ = {isa = PBXBuildFile; fileRef = 1D6D645924D1E3490080B9D5 /* ApiRequest.swift */; };
		1D6D646524D1E3490080B9D5 /* Endpoint.swift in Sources */ = {isa = PBXBuildFile; fileRef = 1D6D645A24D1E3490080B9D5 /* Endpoint.swift */; };
		1D6D646624D1E3490080B9D5 /* InfoProvider.swift in Sources */ = {isa = PBXBuildFile; fileRef = 1D6D645C24D1E3490080B9D5 /* InfoProvider.swift */; };
		1D6D646824D1E3490080B9D5 /* MainProvider.swift in Sources */ = {isa = PBXBuildFile; fileRef = 1D6D645E24D1E3490080B9D5 /* MainProvider.swift */; };
		1D6D648A24D1E3CE0080B9D5 /* InfoProviderProtocol.swift in Sources */ = {isa = PBXBuildFile; fileRef = 1D6D646E24D1E3CE0080B9D5 /* InfoProviderProtocol.swift */; };
		1D6D648F24D1E3CE0080B9D5 /* Response.swift in Sources */ = {isa = PBXBuildFile; fileRef = 1D6D647424D1E3CE0080B9D5 /* Response.swift */; };
		1D6D649224D1E3CE0080B9D5 /* Info.swift in Sources */ = {isa = PBXBuildFile; fileRef = 1D6D647824D1E3CE0080B9D5 /* Info.swift */; };
		1D6D649824D1E3CE0080B9D5 /* InfoInteractor.swift in Sources */ = {isa = PBXBuildFile; fileRef = 1D6D647F24D1E3CE0080B9D5 /* InfoInteractor.swift */; };
		1D6D64A124D1E3CE0080B9D5 /* InfoUseCase.swift in Sources */ = {isa = PBXBuildFile; fileRef = 1D6D648924D1E3CE0080B9D5 /* InfoUseCase.swift */; };
		1D6D64E024D1E4420080B9D5 /* AppCoordinator.swift in Sources */ = {isa = PBXBuildFile; fileRef = 1D6D64A324D1E4420080B9D5 /* AppCoordinator.swift */; };
		1D6D650624D1E4420080B9D5 /* ServiceInformationVCDataSource.swift in Sources */ = {isa = PBXBuildFile; fileRef = 1D6D64D824D1E4420080B9D5 /* ServiceInformationVCDataSource.swift */; };
		1D6D650724D1E4420080B9D5 /* InfoView.swift in Sources */ = {isa = PBXBuildFile; fileRef = 1D6D64D924D1E4420080B9D5 /* InfoView.swift */; };
		1D6D650824D1E4420080B9D5 /* ServiceInfoView.swift in Sources */ = {isa = PBXBuildFile; fileRef = 1D6D64DA24D1E4420080B9D5 /* ServiceInfoView.swift */; };
		1D6D650924D1E4420080B9D5 /* ServiceInformationViewController.xib in Resources */ = {isa = PBXBuildFile; fileRef = 1D6D64DB24D1E4420080B9D5 /* ServiceInformationViewController.xib */; };
		1D6D650A24D1E4420080B9D5 /* ServiceInformationViewController.swift in Sources */ = {isa = PBXBuildFile; fileRef = 1D6D64DC24D1E4420080B9D5 /* ServiceInformationViewController.swift */; };
		1D6D650B24D1E4420080B9D5 /* InfoTableViewCell.swift in Sources */ = {isa = PBXBuildFile; fileRef = 1D6D64DE24D1E4420080B9D5 /* InfoTableViewCell.swift */; };
		1D6D650C24D1E4420080B9D5 /* InfoTableViewCell.xib in Resources */ = {isa = PBXBuildFile; fileRef = 1D6D64DF24D1E4420080B9D5 /* InfoTableViewCell.xib */; };
		1D6D650F24D1E4830080B9D5 /* AppDependenciesContainer.swift in Sources */ = {isa = PBXBuildFile; fileRef = 1D6D650E24D1E4830080B9D5 /* AppDependenciesContainer.swift */; };
		1D6D651324D1E7750080B9D5 /* StringExtension.swift in Sources */ = {isa = PBXBuildFile; fileRef = 1D6D651224D1E7750080B9D5 /* StringExtension.swift */; };
		1D6D651624D1EA7E0080B9D5 /* OpenSans-Bold.ttf in Resources */ = {isa = PBXBuildFile; fileRef = 1D6D651524D1EA7E0080B9D5 /* OpenSans-Bold.ttf */; };
		1D6D651824D1EA920080B9D5 /* Muli-Light.ttf in Resources */ = {isa = PBXBuildFile; fileRef = 1D6D651724D1EA920080B9D5 /* Muli-Light.ttf */; };
		1D6D651A24D1EAA60080B9D5 /* Muli-Regular.ttf in Resources */ = {isa = PBXBuildFile; fileRef = 1D6D651924D1EAA60080B9D5 /* Muli-Regular.ttf */; };
/* End PBXBuildFile section */

/* Begin PBXContainerItemProxy section */
		1D6D644724D1E2BC0080B9D5 /* PBXContainerItemProxy */ = {
			isa = PBXContainerItemProxy;
			containerPortal = 1D6D642824D1E2B70080B9D5 /* Project object */;
			proxyType = 1;
			remoteGlobalIDString = 1D6D642F24D1E2B70080B9D5;
			remoteInfo = Project;
		};
/* End PBXContainerItemProxy section */

/* Begin PBXFileReference section */
		1D6D643024D1E2B70080B9D5 /* Project.app */ = {isa = PBXFileReference; explicitFileType = wrapper.application; includeInIndex = 0; path = Project.app; sourceTree = BUILT_PRODUCTS_DIR; };
		1D6D643324D1E2B70080B9D5 /* AppDelegate.swift */ = {isa = PBXFileReference; lastKnownFileType = sourcecode.swift; path = AppDelegate.swift; sourceTree = "<group>"; };
		1D6D643C24D1E2BC0080B9D5 /* Assets.xcassets */ = {isa = PBXFileReference; lastKnownFileType = folder.assetcatalog; path = Assets.xcassets; sourceTree = "<group>"; };
		1D6D643F24D1E2BC0080B9D5 /* Base */ = {isa = PBXFileReference; lastKnownFileType = file.storyboard; name = Base; path = Base.lproj/LaunchScreen.storyboard; sourceTree = "<group>"; };
		1D6D644124D1E2BC0080B9D5 /* Info.plist */ = {isa = PBXFileReference; lastKnownFileType = text.plist.xml; path = Info.plist; sourceTree = "<group>"; };
		1D6D644624D1E2BC0080B9D5 /* ProjectTests.xctest */ = {isa = PBXFileReference; explicitFileType = wrapper.cfbundle; includeInIndex = 0; path = ProjectTests.xctest; sourceTree = BUILT_PRODUCTS_DIR; };
		1D6D644A24D1E2BC0080B9D5 /* ProjectTests.swift */ = {isa = PBXFileReference; lastKnownFileType = sourcecode.swift; path = ProjectTests.swift; sourceTree = "<group>"; };
		1D6D644C24D1E2BC0080B9D5 /* Info.plist */ = {isa = PBXFileReference; lastKnownFileType = text.plist.xml; path = Info.plist; sourceTree = "<group>"; };
		1D6D645724D1E3490080B9D5 /* NetworkSession.swift */ = {isa = PBXFileReference; fileEncoding = 4; lastKnownFileType = sourcecode.swift; path = NetworkSession.swift; sourceTree = "<group>"; };
		1D6D645824D1E3490080B9D5 /* WebService.swift */ = {isa = PBXFileReference; fileEncoding = 4; lastKnownFileType = sourcecode.swift; path = WebService.swift; sourceTree = "<group>"; };
		1D6D645924D1E3490080B9D5 /* ApiRequest.swift */ = {isa = PBXFileReference; fileEncoding = 4; lastKnownFileType = sourcecode.swift; path = ApiRequest.swift; sourceTree = "<group>"; };
		1D6D645A24D1E3490080B9D5 /* Endpoint.swift */ = {isa = PBXFileReference; fileEncoding = 4; lastKnownFileType = sourcecode.swift; path = Endpoint.swift; sourceTree = "<group>"; };
		1D6D645C24D1E3490080B9D5 /* InfoProvider.swift */ = {isa = PBXFileReference; fileEncoding = 4; lastKnownFileType = sourcecode.swift; path = InfoProvider.swift; sourceTree = "<group>"; };
		1D6D645E24D1E3490080B9D5 /* MainProvider.swift */ = {isa = PBXFileReference; fileEncoding = 4; lastKnownFileType = sourcecode.swift; path = MainProvider.swift; sourceTree = "<group>"; };
		1D6D646E24D1E3CE0080B9D5 /* InfoProviderProtocol.swift */ = {isa = PBXFileReference; fileEncoding = 4; lastKnownFileType = sourcecode.swift; path = InfoProviderProtocol.swift; sourceTree = "<group>"; };
		1D6D647424D1E3CE0080B9D5 /* Response.swift */ = {isa = PBXFileReference; fileEncoding = 4; lastKnownFileType = sourcecode.swift; path = Response.swift; sourceTree = "<group>"; };
		1D6D647824D1E3CE0080B9D5 /* Info.swift */ = {isa = PBXFileReference; fileEncoding = 4; lastKnownFileType = sourcecode.swift; path = Info.swift; sourceTree = "<group>"; };
		1D6D647F24D1E3CE0080B9D5 /* InfoInteractor.swift */ = {isa = PBXFileReference; fileEncoding = 4; lastKnownFileType = sourcecode.swift; path = InfoInteractor.swift; sourceTree = "<group>"; };
		1D6D648924D1E3CE0080B9D5 /* InfoUseCase.swift */ = {isa = PBXFileReference; fileEncoding = 4; lastKnownFileType = sourcecode.swift; path = InfoUseCase.swift; sourceTree = "<group>"; };
		1D6D64A324D1E4420080B9D5 /* AppCoordinator.swift */ = {isa = PBXFileReference; fileEncoding = 4; lastKnownFileType = sourcecode.swift; path = AppCoordinator.swift; sourceTree = "<group>"; };
		1D6D64D824D1E4420080B9D5 /* ServiceInformationVCDataSource.swift */ = {isa = PBXFileReference; fileEncoding = 4; lastKnownFileType = sourcecode.swift; path = ServiceInformationVCDataSource.swift; sourceTree = "<group>"; };
		1D6D64D924D1E4420080B9D5 /* InfoView.swift */ = {isa = PBXFileReference; fileEncoding = 4; lastKnownFileType = sourcecode.swift; path = InfoView.swift; sourceTree = "<group>"; };
		1D6D64DA24D1E4420080B9D5 /* ServiceInfoView.swift */ = {isa = PBXFileReference; fileEncoding = 4; lastKnownFileType = sourcecode.swift; path = ServiceInfoView.swift; sourceTree = "<group>"; };
		1D6D64DB24D1E4420080B9D5 /* ServiceInformationViewController.xib */ = {isa = PBXFileReference; fileEncoding = 4; lastKnownFileType = file.xib; path = ServiceInformationViewController.xib; sourceTree = "<group>"; };
		1D6D64DC24D1E4420080B9D5 /* ServiceInformationViewController.swift */ = {isa = PBXFileReference; fileEncoding = 4; lastKnownFileType = sourcecode.swift; path = ServiceInformationViewController.swift; sourceTree = "<group>"; };
		1D6D64DE24D1E4420080B9D5 /* InfoTableViewCell.swift */ = {isa = PBXFileReference; fileEncoding = 4; lastKnownFileType = sourcecode.swift; path = InfoTableViewCell.swift; sourceTree = "<group>"; };
		1D6D64DF24D1E4420080B9D5 /* InfoTableViewCell.xib */ = {isa = PBXFileReference; fileEncoding = 4; lastKnownFileType = file.xib; path = InfoTableViewCell.xib; sourceTree = "<group>"; };
		1D6D650E24D1E4830080B9D5 /* AppDependenciesContainer.swift */ = {isa = PBXFileReference; lastKnownFileType = sourcecode.swift; path = AppDependenciesContainer.swift; sourceTree = "<group>"; };
		1D6D651224D1E7750080B9D5 /* StringExtension.swift */ = {isa = PBXFileReference; lastKnownFileType = sourcecode.swift; path = StringExtension.swift; sourceTree = "<group>"; };
		1D6D651524D1EA7E0080B9D5 /* OpenSans-Bold.ttf */ = {isa = PBXFileReference; lastKnownFileType = file; path = "OpenSans-Bold.ttf"; sourceTree = "<group>"; };
		1D6D651724D1EA920080B9D5 /* Muli-Light.ttf */ = {isa = PBXFileReference; lastKnownFileType = file; path = "Muli-Light.ttf"; sourceTree = "<group>"; };
		1D6D651924D1EAA60080B9D5 /* Muli-Regular.ttf */ = {isa = PBXFileReference; lastKnownFileType = file; path = "Muli-Regular.ttf"; sourceTree = "<group>"; };
/* End PBXFileReference section */

/* Begin PBXFrameworksBuildPhase section */
		1D6D642D24D1E2B70080B9D5 /* Frameworks */ = {
			isa = PBXFrameworksBuildPhase;
			buildActionMask = 2147483647;
			files = (
			);
			runOnlyForDeploymentPostprocessing = 0;
		};
		1D6D644324D1E2BC0080B9D5 /* Frameworks */ = {
			isa = PBXFrameworksBuildPhase;
			buildActionMask = 2147483647;
			files = (
			);
			runOnlyForDeploymentPostprocessing = 0;
		};
/* End PBXFrameworksBuildPhase section */

/* Begin PBXGroup section */
		1D6D642724D1E2B70080B9D5 = {
			isa = PBXGroup;
			children = (
				1D6D643224D1E2B70080B9D5 /* Project */,
				1D6D644924D1E2BC0080B9D5 /* ProjectTests */,
				1D6D643124D1E2B70080B9D5 /* Products */,
			);
			sourceTree = "<group>";
		};
		1D6D643124D1E2B70080B9D5 /* Products */ = {
			isa = PBXGroup;
			children = (
				1D6D643024D1E2B70080B9D5 /* Project.app */,
				1D6D644624D1E2BC0080B9D5 /* ProjectTests.xctest */,
			);
			name = Products;
			sourceTree = "<group>";
		};
		1D6D643224D1E2B70080B9D5 /* Project */ = {
			isa = PBXGroup;
			children = (
				1D6D650D24D1E4760080B9D5 /* Main */,
				1D6D645524D1E3490080B9D5 /* Data */,
				1D6D646C24D1E3CE0080B9D5 /* Domain */,
				1D6D64A224D1E4420080B9D5 /* UI */,
				1D6D651024D1E73C0080B9D5 /* Supporting Files */,
				1D6D644124D1E2BC0080B9D5 /* Info.plist */,
			);
			path = Project;
			sourceTree = "<group>";
		};
		1D6D644924D1E2BC0080B9D5 /* ProjectTests */ = {
			isa = PBXGroup;
			children = (
				1D6D644A24D1E2BC0080B9D5 /* ProjectTests.swift */,
				1D6D644C24D1E2BC0080B9D5 /* Info.plist */,
			);
			path = ProjectTests;
			sourceTree = "<group>";
		};
		1D6D645524D1E3490080B9D5 /* Data */ = {
			isa = PBXGroup;
			children = (
				1D6D645624D1E3490080B9D5 /* Networking */,
				1D6D645B24D1E3490080B9D5 /* Providers */,
			);
			path = Data;
			sourceTree = "<group>";
		};
		1D6D645624D1E3490080B9D5 /* Networking */ = {
			isa = PBXGroup;
			children = (
				1D6D645724D1E3490080B9D5 /* NetworkSession.swift */,
				1D6D645824D1E3490080B9D5 /* WebService.swift */,
				1D6D645924D1E3490080B9D5 /* ApiRequest.swift */,
				1D6D645A24D1E3490080B9D5 /* Endpoint.swift */,
			);
			path = Networking;
			sourceTree = "<group>";
		};
		1D6D645B24D1E3490080B9D5 /* Providers */ = {
			isa = PBXGroup;
			children = (
				1D6D645E24D1E3490080B9D5 /* MainProvider.swift */,
				1D6D645C24D1E3490080B9D5 /* InfoProvider.swift */,
			);
			path = Providers;
			sourceTree = "<group>";
		};
		1D6D646C24D1E3CE0080B9D5 /* Domain */ = {
			isa = PBXGroup;
			children = (
				1D6D646D24D1E3CE0080B9D5 /* Provider Protocols */,
				1D6D647324D1E3CE0080B9D5 /* Response */,
				1D6D647524D1E3CE0080B9D5 /* Models */,
				1D6D647E24D1E3CE0080B9D5 /* Interactors */,
				1D6D648424D1E3CE0080B9D5 /* UseCases */,
			);
			path = Domain;
			sourceTree = "<group>";
		};
		1D6D646D24D1E3CE0080B9D5 /* Provider Protocols */ = {
			isa = PBXGroup;
			children = (
				1D6D646E24D1E3CE0080B9D5 /* InfoProviderProtocol.swift */,
			);
			path = "Provider Protocols";
			sourceTree = "<group>";
		};
		1D6D647324D1E3CE0080B9D5 /* Response */ = {
			isa = PBXGroup;
			children = (
				1D6D647424D1E3CE0080B9D5 /* Response.swift */,
			);
			path = Response;
			sourceTree = "<group>";
		};
		1D6D647524D1E3CE0080B9D5 /* Models */ = {
			isa = PBXGroup;
			children = (
				1D6D647824D1E3CE0080B9D5 /* Info.swift */,
			);
			path = Models;
			sourceTree = "<group>";
		};
		1D6D647E24D1E3CE0080B9D5 /* Interactors */ = {
			isa = PBXGroup;
			children = (
				1D6D647F24D1E3CE0080B9D5 /* InfoInteractor.swift */,
			);
			path = Interactors;
			sourceTree = "<group>";
		};
		1D6D648424D1E3CE0080B9D5 /* UseCases */ = {
			isa = PBXGroup;
			children = (
				1D6D648924D1E3CE0080B9D5 /* InfoUseCase.swift */,
			);
			path = UseCases;
			sourceTree = "<group>";
		};
		1D6D64A224D1E4420080B9D5 /* UI */ = {
			isa = PBXGroup;
			children = (
				1D6D64A324D1E4420080B9D5 /* AppCoordinator.swift */,
				1D6D64D724D1E4420080B9D5 /* Service Information */,
			);
			path = UI;
			sourceTree = "<group>";
		};
		1D6D64D724D1E4420080B9D5 /* Service Information */ = {
			isa = PBXGroup;
			children = (
				1D6D651B24D1EBA00080B9D5 /* Service Information iOS 13* */,
				1D6D64D824D1E4420080B9D5 /* ServiceInformationVCDataSource.swift */,
				1D6D64DC24D1E4420080B9D5 /* ServiceInformationViewController.swift */,
				1D6D64DB24D1E4420080B9D5 /* ServiceInformationViewController.xib */,
				1D6D64DD24D1E4420080B9D5 /* InfoCell */,
			);
			path = "Service Information";
			sourceTree = "<group>";
		};
		1D6D64DD24D1E4420080B9D5 /* InfoCell */ = {
			isa = PBXGroup;
			children = (
				1D6D64DE24D1E4420080B9D5 /* InfoTableViewCell.swift */,
				1D6D64DF24D1E4420080B9D5 /* InfoTableViewCell.xib */,
			);
			path = InfoCell;
			sourceTree = "<group>";
		};
		1D6D650D24D1E4760080B9D5 /* Main */ = {
			isa = PBXGroup;
			children = (
				1D6D643324D1E2B70080B9D5 /* AppDelegate.swift */,
				1D6D650E24D1E4830080B9D5 /* AppDependenciesContainer.swift */,
			);
			path = Main;
			sourceTree = "<group>";
		};
		1D6D651024D1E73C0080B9D5 /* Supporting Files */ = {
			isa = PBXGroup;
			children = (
				1D6D651424D1EA1F0080B9D5 /* Fonts */,
				1D6D651124D1E7600080B9D5 /* Extensions */,
				1D6D643C24D1E2BC0080B9D5 /* Assets.xcassets */,
				1D6D643E24D1E2BC0080B9D5 /* LaunchScreen.storyboard */,
			);
			path = "Supporting Files";
			sourceTree = "<group>";
		};
		1D6D651124D1E7600080B9D5 /* Extensions */ = {
			isa = PBXGroup;
			children = (
				1D6D651224D1E7750080B9D5 /* StringExtension.swift */,
			);
			path = Extensions;
			sourceTree = "<group>";
		};
		1D6D651424D1EA1F0080B9D5 /* Fonts */ = {
			isa = PBXGroup;
			children = (
				1D6D651724D1EA920080B9D5 /* Muli-Light.ttf */,
				1D6D651524D1EA7E0080B9D5 /* OpenSans-Bold.ttf */,
				1D6D651924D1EAA60080B9D5 /* Muli-Regular.ttf */,
			);
			path = Fonts;
			sourceTree = "<group>";
		};
		1D6D651B24D1EBA00080B9D5 /* Service Information iOS 13* */ = {
			isa = PBXGroup;
			children = (
				1D6D64DA24D1E4420080B9D5 /* ServiceInfoView.swift */,
				1D6D64D924D1E4420080B9D5 /* InfoView.swift */,
			);
			path = "Service Information iOS 13*";
			sourceTree = "<group>";
		};
/* End PBXGroup section */

/* Begin PBXNativeTarget section */
		1D6D642F24D1E2B70080B9D5 /* Project */ = {
			isa = PBXNativeTarget;
			buildConfigurationList = 1D6D644F24D1E2BC0080B9D5 /* Build configuration list for PBXNativeTarget "Project" */;
			buildPhases = (
				1D6D642C24D1E2B70080B9D5 /* Sources */,
				1D6D642D24D1E2B70080B9D5 /* Frameworks */,
				1D6D642E24D1E2B70080B9D5 /* Resources */,
			);
			buildRules = (
			);
			dependencies = (
			);
			name = Project;
			productName = Project;
			productReference = 1D6D643024D1E2B70080B9D5 /* Project.app */;
			productType = "com.apple.product-type.application";
		};
		1D6D644524D1E2BC0080B9D5 /* ProjectTests */ = {
			isa = PBXNativeTarget;
			buildConfigurationList = 1D6D645224D1E2BD0080B9D5 /* Build configuration list for PBXNativeTarget "ProjectTests" */;
			buildPhases = (
				1D6D644224D1E2BC0080B9D5 /* Sources */,
				1D6D644324D1E2BC0080B9D5 /* Frameworks */,
				1D6D644424D1E2BC0080B9D5 /* Resources */,
			);
			buildRules = (
			);
			dependencies = (
				1D6D644824D1E2BC0080B9D5 /* PBXTargetDependency */,
			);
			name = ProjectTests;
			productName = ProjectTests;
			productReference = 1D6D644624D1E2BC0080B9D5 /* ProjectTests.xctest */;
			productType = "com.apple.product-type.bundle.unit-test";
		};
/* End PBXNativeTarget section */

/* Begin PBXProject section */
		1D6D642824D1E2B70080B9D5 /* Project object */ = {
			isa = PBXProject;
			attributes = {
				LastSwiftUpdateCheck = 1160;
				LastUpgradeCheck = 1160;
				ORGANIZATIONNAME = "Milos Otasevic";
				TargetAttributes = {
					1D6D642F24D1E2B70080B9D5 = {
						CreatedOnToolsVersion = 11.6;
					};
					1D6D644524D1E2BC0080B9D5 = {
						CreatedOnToolsVersion = 11.6;
						TestTargetID = 1D6D642F24D1E2B70080B9D5;
					};
				};
			};
			buildConfigurationList = 1D6D642B24D1E2B70080B9D5 /* Build configuration list for PBXProject "Project" */;
			compatibilityVersion = "Xcode 9.3";
			developmentRegion = en;
			hasScannedForEncodings = 0;
			knownRegions = (
				en,
				Base,
				"en-GB",
			);
			mainGroup = 1D6D642724D1E2B70080B9D5;
			productRefGroup = 1D6D643124D1E2B70080B9D5 /* Products */;
			projectDirPath = "";
			projectRoot = "";
			targets = (
				1D6D642F24D1E2B70080B9D5 /* Project */,
				1D6D644524D1E2BC0080B9D5 /* ProjectTests */,
			);
		};
/* End PBXProject section */

/* Begin PBXResourcesBuildPhase section */
		1D6D642E24D1E2B70080B9D5 /* Resources */ = {
			isa = PBXResourcesBuildPhase;
			buildActionMask = 2147483647;
			files = (
				1D6D644024D1E2BC0080B9D5 /* LaunchScreen.storyboard in Resources */,
				1D6D650924D1E4420080B9D5 /* ServiceInformationViewController.xib in Resources */,
				1D6D651A24D1EAA60080B9D5 /* Muli-Regular.ttf in Resources */,
				1D6D643D24D1E2BC0080B9D5 /* Assets.xcassets in Resources */,
				1D6D651624D1EA7E0080B9D5 /* OpenSans-Bold.ttf in Resources */,
				1D6D651824D1EA920080B9D5 /* Muli-Light.ttf in Resources */,
				1D6D650C24D1E4420080B9D5 /* InfoTableViewCell.xib in Resources */,
			);
			runOnlyForDeploymentPostprocessing = 0;
		};
		1D6D644424D1E2BC0080B9D5 /* Resources */ = {
			isa = PBXResourcesBuildPhase;
			buildActionMask = 2147483647;
			files = (
			);
			runOnlyForDeploymentPostprocessing = 0;
		};
/* End PBXResourcesBuildPhase section */

/* Begin PBXSourcesBuildPhase section */
		1D6D642C24D1E2B70080B9D5 /* Sources */ = {
			isa = PBXSourcesBuildPhase;
			buildActionMask = 2147483647;
			files = (
				1D6D650B24D1E4420080B9D5 /* InfoTableViewCell.swift in Sources */,
				1D6D646224D1E3490080B9D5 /* NetworkSession.swift in Sources */,
				1D6D646624D1E3490080B9D5 /* InfoProvider.swift in Sources */,
				1D6D649824D1E3CE0080B9D5 /* InfoInteractor.swift in Sources */,
				1D6D648F24D1E3CE0080B9D5 /* Response.swift in Sources */,
				1D6D650624D1E4420080B9D5 /* ServiceInformationVCDataSource.swift in Sources */,
				1D6D646824D1E3490080B9D5 /* MainProvider.swift in Sources */,
				1D6D64E024D1E4420080B9D5 /* AppCoordinator.swift in Sources */,
				1D6D649224D1E3CE0080B9D5 /* Info.swift in Sources */,
				1D6D650724D1E4420080B9D5 /* InfoView.swift in Sources */,
				1D6D646324D1E3490080B9D5 /* WebService.swift in Sources */,
				1D6D650F24D1E4830080B9D5 /* AppDependenciesContainer.swift in Sources */,
				1D6D651324D1E7750080B9D5 /* StringExtension.swift in Sources */,
				1D6D648A24D1E3CE0080B9D5 /* InfoProviderProtocol.swift in Sources */,
				1D6D646424D1E3490080B9D5 /* ApiRequest.swift in Sources */,
				1D6D646524D1E3490080B9D5 /* Endpoint.swift in Sources */,
				1D6D650A24D1E4420080B9D5 /* ServiceInformationViewController.swift in Sources */,
				1D6D650824D1E4420080B9D5 /* ServiceInfoView.swift in Sources */,
				1D6D64A124D1E3CE0080B9D5 /* InfoUseCase.swift in Sources */,
				1D6D643424D1E2B70080B9D5 /* AppDelegate.swift in Sources */,
			);
			runOnlyForDeploymentPostprocessing = 0;
		};
		1D6D644224D1E2BC0080B9D5 /* Sources */ = {
			isa = PBXSourcesBuildPhase;
			buildActionMask = 2147483647;
			files = (
				1D6D644B24D1E2BC0080B9D5 /* ProjectTests.swift in Sources */,
			);
			runOnlyForDeploymentPostprocessing = 0;
		};
/* End PBXSourcesBuildPhase section */

/* Begin PBXTargetDependency section */
		1D6D644824D1E2BC0080B9D5 /* PBXTargetDependency */ = {
			isa = PBXTargetDependency;
			target = 1D6D642F24D1E2B70080B9D5 /* Project */;
			targetProxy = 1D6D644724D1E2BC0080B9D5 /* PBXContainerItemProxy */;
		};
/* End PBXTargetDependency section */

/* Begin PBXVariantGroup section */
		1D6D643E24D1E2BC0080B9D5 /* LaunchScreen.storyboard */ = {
			isa = PBXVariantGroup;
			children = (
				1D6D643F24D1E2BC0080B9D5 /* Base */,
			);
			name = LaunchScreen.storyboard;
			sourceTree = "<group>";
		};
/* End PBXVariantGroup section */

/* Begin XCBuildConfiguration section */
		1D6D644D24D1E2BC0080B9D5 /* Debug */ = {
			isa = XCBuildConfiguration;
			buildSettings = {
				ALWAYS_SEARCH_USER_PATHS = NO;
				CLANG_ANALYZER_NONNULL = YES;
				CLANG_ANALYZER_NUMBER_OBJECT_CONVERSION = YES_AGGRESSIVE;
				CLANG_CXX_LANGUAGE_STANDARD = "gnu++14";
				CLANG_CXX_LIBRARY = "libc++";
				CLANG_ENABLE_MODULES = YES;
				CLANG_ENABLE_OBJC_ARC = YES;
				CLANG_ENABLE_OBJC_WEAK = YES;
				CLANG_WARN_BLOCK_CAPTURE_AUTORELEASING = YES;
				CLANG_WARN_BOOL_CONVERSION = YES;
				CLANG_WARN_COMMA = YES;
				CLANG_WARN_CONSTANT_CONVERSION = YES;
				CLANG_WARN_DEPRECATED_OBJC_IMPLEMENTATIONS = YES;
				CLANG_WARN_DIRECT_OBJC_ISA_USAGE = YES_ERROR;
				CLANG_WARN_DOCUMENTATION_COMMENTS = YES;
				CLANG_WARN_EMPTY_BODY = YES;
				CLANG_WARN_ENUM_CONVERSION = YES;
				CLANG_WARN_INFINITE_RECURSION = YES;
				CLANG_WARN_INT_CONVERSION = YES;
				CLANG_WARN_NON_LITERAL_NULL_CONVERSION = YES;
				CLANG_WARN_OBJC_IMPLICIT_RETAIN_SELF = YES;
				CLANG_WARN_OBJC_LITERAL_CONVERSION = YES;
				CLANG_WARN_OBJC_ROOT_CLASS = YES_ERROR;
				CLANG_WARN_RANGE_LOOP_ANALYSIS = YES;
				CLANG_WARN_STRICT_PROTOTYPES = YES;
				CLANG_WARN_SUSPICIOUS_MOVE = YES;
				CLANG_WARN_UNGUARDED_AVAILABILITY = YES_AGGRESSIVE;
				CLANG_WARN_UNREACHABLE_CODE = YES;
				CLANG_WARN__DUPLICATE_METHOD_MATCH = YES;
				COPY_PHASE_STRIP = NO;
				DEBUG_INFORMATION_FORMAT = dwarf;
				ENABLE_STRICT_OBJC_MSGSEND = YES;
				ENABLE_TESTABILITY = YES;
				GCC_C_LANGUAGE_STANDARD = gnu11;
				GCC_DYNAMIC_NO_PIC = NO;
				GCC_NO_COMMON_BLOCKS = YES;
				GCC_OPTIMIZATION_LEVEL = 0;
				GCC_PREPROCESSOR_DEFINITIONS = (
					"DEBUG=1",
					"$(inherited)",
				);
				GCC_WARN_64_TO_32_BIT_CONVERSION = YES;
				GCC_WARN_ABOUT_RETURN_TYPE = YES_ERROR;
				GCC_WARN_UNDECLARED_SELECTOR = YES;
				GCC_WARN_UNINITIALIZED_AUTOS = YES_AGGRESSIVE;
				GCC_WARN_UNUSED_FUNCTION = YES;
				GCC_WARN_UNUSED_VARIABLE = YES;
				IPHONEOS_DEPLOYMENT_TARGET = 13.6;
				MTL_ENABLE_DEBUG_INFO = INCLUDE_SOURCE;
				MTL_FAST_MATH = YES;
				ONLY_ACTIVE_ARCH = YES;
				SDKROOT = iphoneos;
				SWIFT_ACTIVE_COMPILATION_CONDITIONS = DEBUG;
				SWIFT_OPTIMIZATION_LEVEL = "-Onone";
			};
			name = Debug;
		};
		1D6D644E24D1E2BC0080B9D5 /* Release */ = {
			isa = XCBuildConfiguration;
			buildSettings = {
				ALWAYS_SEARCH_USER_PATHS = NO;
				CLANG_ANALYZER_NONNULL = YES;
				CLANG_ANALYZER_NUMBER_OBJECT_CONVERSION = YES_AGGRESSIVE;
				CLANG_CXX_LANGUAGE_STANDARD = "gnu++14";
				CLANG_CXX_LIBRARY = "libc++";
				CLANG_ENABLE_MODULES = YES;
				CLANG_ENABLE_OBJC_ARC = YES;
				CLANG_ENABLE_OBJC_WEAK = YES;
				CLANG_WARN_BLOCK_CAPTURE_AUTORELEASING = YES;
				CLANG_WARN_BOOL_CONVERSION = YES;
				CLANG_WARN_COMMA = YES;
				CLANG_WARN_CONSTANT_CONVERSION = YES;
				CLANG_WARN_DEPRECATED_OBJC_IMPLEMENTATIONS = YES;
				CLANG_WARN_DIRECT_OBJC_ISA_USAGE = YES_ERROR;
				CLANG_WARN_DOCUMENTATION_COMMENTS = YES;
				CLANG_WARN_EMPTY_BODY = YES;
				CLANG_WARN_ENUM_CONVERSION = YES;
				CLANG_WARN_INFINITE_RECURSION = YES;
				CLANG_WARN_INT_CONVERSION = YES;
				CLANG_WARN_NON_LITERAL_NULL_CONVERSION = YES;
				CLANG_WARN_OBJC_IMPLICIT_RETAIN_SELF = YES;
				CLANG_WARN_OBJC_LITERAL_CONVERSION = YES;
				CLANG_WARN_OBJC_ROOT_CLASS = YES_ERROR;
				CLANG_WARN_RANGE_LOOP_ANALYSIS = YES;
				CLANG_WARN_STRICT_PROTOTYPES = YES;
				CLANG_WARN_SUSPICIOUS_MOVE = YES;
				CLANG_WARN_UNGUARDED_AVAILABILITY = YES_AGGRESSIVE;
				CLANG_WARN_UNREACHABLE_CODE = YES;
				CLANG_WARN__DUPLICATE_METHOD_MATCH = YES;
				COPY_PHASE_STRIP = NO;
				DEBUG_INFORMATION_FORMAT = "dwarf-with-dsym";
				ENABLE_NS_ASSERTIONS = NO;
				ENABLE_STRICT_OBJC_MSGSEND = YES;
				GCC_C_LANGUAGE_STANDARD = gnu11;
				GCC_NO_COMMON_BLOCKS = YES;
				GCC_WARN_64_TO_32_BIT_CONVERSION = YES;
				GCC_WARN_ABOUT_RETURN_TYPE = YES_ERROR;
				GCC_WARN_UNDECLARED_SELECTOR = YES;
				GCC_WARN_UNINITIALIZED_AUTOS = YES_AGGRESSIVE;
				GCC_WARN_UNUSED_FUNCTION = YES;
				GCC_WARN_UNUSED_VARIABLE = YES;
				IPHONEOS_DEPLOYMENT_TARGET = 13.6;
				MTL_ENABLE_DEBUG_INFO = NO;
				MTL_FAST_MATH = YES;
				SDKROOT = iphoneos;
				SWIFT_COMPILATION_MODE = wholemodule;
				SWIFT_OPTIMIZATION_LEVEL = "-O";
				VALIDATE_PRODUCT = YES;
			};
			name = Release;
		};
		1D6D645024D1E2BC0080B9D5 /* Debug */ = {
			isa = XCBuildConfiguration;
			buildSettings = {
				ASSETCATALOG_COMPILER_APPICON_NAME = AppIcon;
				CODE_SIGN_STYLE = Automatic;
				DEVELOPMENT_TEAM = 936J3XZXG4;
				INFOPLIST_FILE = Project/Info.plist;
				IPHONEOS_DEPLOYMENT_TARGET = 11.0;
				LD_RUNPATH_SEARCH_PATHS = (
					"$(inherited)",
					"@executable_path/Frameworks",
				);
				PRODUCT_BUNDLE_IDENTIFIER = com.milos.Project;
				PRODUCT_NAME = "$(TARGET_NAME)";
				SWIFT_VERSION = 5.0;
				TARGETED_DEVICE_FAMILY = 1;
			};
			name = Debug;
		};
		1D6D645124D1E2BC0080B9D5 /* Release */ = {
			isa = XCBuildConfiguration;
			buildSettings = {
				ASSETCATALOG_COMPILER_APPICON_NAME = AppIcon;
				CODE_SIGN_STYLE = Automatic;
				DEVELOPMENT_TEAM = 936J3XZXG4;
				INFOPLIST_FILE = Project/Info.plist;
				IPHONEOS_DEPLOYMENT_TARGET = 11.0;
				LD_RUNPATH_SEARCH_PATHS = (
					"$(inherited)",
					"@executable_path/Frameworks",
				);
				PRODUCT_BUNDLE_IDENTIFIER = com.milos.Project;
				PRODUCT_NAME = "$(TARGET_NAME)";
				SWIFT_VERSION = 5.0;
				TARGETED_DEVICE_FAMILY = 1;
			};
			name = Release;
		};
		1D6D645324D1E2BD0080B9D5 /* Debug */ = {
			isa = XCBuildConfiguration;
			buildSettings = {
				ALWAYS_EMBED_SWIFT_STANDARD_LIBRARIES = YES;
				BUNDLE_LOADER = "$(TEST_HOST)";
				CODE_SIGN_STYLE = Automatic;
				DEVELOPMENT_TEAM = 936J3XZXG4;
				INFOPLIST_FILE = ProjectTests/Info.plist;
				IPHONEOS_DEPLOYMENT_TARGET = 13.6;
				LD_RUNPATH_SEARCH_PATHS = (
					"$(inherited)",
					"@executable_path/Frameworks",
					"@loader_path/Frameworks",
				);
				PRODUCT_BUNDLE_IDENTIFIER = com.amlitudo.ProjectTests;
				PRODUCT_NAME = "$(TARGET_NAME)";
				SWIFT_VERSION = 5.0;
				TARGETED_DEVICE_FAMILY = "1,2";
				TEST_HOST = "$(BUILT_PRODUCTS_DIR)/Project.app/Project";
			};
			name = Debug;
		};
		1D6D645424D1E2BD0080B9D5 /* Release */ = {
			isa = XCBuildConfiguration;
			buildSettings = {
				ALWAYS_EMBED_SWIFT_STANDARD_LIBRARIES = YES;
				BUNDLE_LOADER = "$(TEST_HOST)";
				CODE_SIGN_STYLE = Automatic;
				DEVELOPMENT_TEAM = 936J3XZXG4;
				INFOPLIST_FILE = ProjectTests/Info.plist;
				IPHONEOS_DEPLOYMENT_TARGET = 13.6;
				LD_RUNPATH_SEARCH_PATHS = (
					"$(inherited)",
					"@executable_path/Frameworks",
					"@loader_path/Frameworks",
				);
				PRODUCT_BUNDLE_IDENTIFIER = com.amlitudo.ProjectTests;
				PRODUCT_NAME = "$(TARGET_NAME)";
				SWIFT_VERSION = 5.0;
				TARGETED_DEVICE_FAMILY = "1,2";
				TEST_HOST = "$(BUILT_PRODUCTS_DIR)/Project.app/Project";
			};
			name = Release;
		};
/* End XCBuildConfiguration section */

/* Begin XCConfigurationList section */
		1D6D642B24D1E2B70080B9D5 /* Build configuration list for PBXProject "Project" */ = {
			isa = XCConfigurationList;
			buildConfigurations = (
				1D6D644D24D1E2BC0080B9D5 /* Debug */,
				1D6D644E24D1E2BC0080B9D5 /* Release */,
			);
			defaultConfigurationIsVisible = 0;
			defaultConfigurationName = Release;
		};
		1D6D644F24D1E2BC0080B9D5 /* Build configuration list for PBXNativeTarget "Project" */ = {
			isa = XCConfigurationList;
			buildConfigurations = (
				1D6D645024D1E2BC0080B9D5 /* Debug */,
				1D6D645124D1E2BC0080B9D5 /* Release */,
			);
			defaultConfigurationIsVisible = 0;
			defaultConfigurationName = Release;
		};
		1D6D645224D1E2BD0080B9D5 /* Build configuration list for PBXNativeTarget "ProjectTests" */ = {
			isa = XCConfigurationList;
			buildConfigurations = (
				1D6D645324D1E2BD0080B9D5 /* Debug */,
				1D6D645424D1E2BD0080B9D5 /* Release */,
			);
			defaultConfigurationIsVisible = 0;
			defaultConfigurationName = Release;
		};
/* End XCConfigurationList section */
	};
	rootObject = 1D6D642824D1E2B70080B9D5 /* Project object */;
}
